
Microsoft Visual Studio Solution File, Format Version 12.00
# Visual Studio Version 17
VisualStudioVersion = 17.3.32611.2
MinimumVisualStudioVersion = 10.0.40219.1
Project("{FAE04EC0-301F-11D3-BF4B-00C04F79EFBC}") = "ConfuserExUnTypeScrambler", "D:\repos\ConfuserExUnTypeScramble\ConfuserExUnTypeScrambler\ConfuserExUnTypeScrambler.csproj", "{A976DE78-E708-4D60-BAE5-EEA38532B722}"
EndProject
Global
	GlobalSection(SolutionConfigurationPlatforms) = preSolution
		Debug|Any CPU = Debug|Any CPU
		Release|Any CPU = Release|Any CPU
	EndGlobalSection
	GlobalSection(ProjectConfigurationPlatforms) = postSolution
		{A976DE78-E708-4D60-BAE5-EEA38532B722}.Debug|Any CPU.ActiveCfg = Debug|Any CPU
		{A976DE78-E708-4D60-BAE5-EEA38532B722}.Debug|Any CPU.Build.0 = Debug|Any CPU
		{A976DE78-E708-4D60-BAE5-EEA38532B722}.Release|Any CPU.ActiveCfg = Release|Any CPU
		{A976DE78-E708-4D60-BAE5-EEA38532B722}.Release|Any CPU.Build.0 = Release|Any CPU
	EndGlobalSection
	GlobalSection(SolutionProperties) = preSolution
		HideSolutionNode = FALSE
	EndGlobalSection
	GlobalSection(ExtensibilityGlobals) = postSolution
		SolutionGuid = {4AD5CA0B-0142-4687-BA3F-F7AEB0C4844C}
	EndGlobalSection
EndGlobal
